
Microsoft Visual Studio Solution File, Format Version 12.00
# Visual Studio Version 17
VisualStudioVersion = 17.8.34322.80
MinimumVisualStudioVersion = 10.0.40219.1
Project("{FAE04EC0-301F-11D3-BF4B-00C04F79EFBC}") = "FantasyNameGenerator", "FantasyNameGenerator.csproj", "{D6B8EBD2-D2D0-4B07-97E5-D4235D550600}"
EndProject
Global
	GlobalSection(SolutionConfigurationPlatforms) = preSolution
		Debug|Any CPU = Debug|Any CPU
		Release|Any CPU = Release|Any CPU
	EndGlobalSection
	GlobalSection(ProjectConfigurationPlatforms) = postSolution
		{D6B8EBD2-D2D0-4B07-97E5-D4235D550600}.Debug|Any CPU.ActiveCfg = Debug|Any CPU
		{D6B8EBD2-D2D0-4B07-97E5-D4235D550600}.Debug|Any CPU.Build.0 = Debug|Any CPU
		{D6B8EBD2-D2D0-4B07-97E5-D4235D550600}.Release|Any CPU.ActiveCfg = Release|Any CPU
		{D6B8EBD2-D2D0-4B07-97E5-D4235D550600}.Release|Any CPU.Build.0 = Release|Any CPU
	EndGlobalSection
	GlobalSection(SolutionProperties) = preSolution
		HideSolutionNode = FALSE
	EndGlobalSection
	GlobalSection(ExtensibilityGlobals) = postSolution
		SolutionGuid = {5FE566DE-5D1B-4FEF-BB5C-41BDE8F20483}
	EndGlobalSection
EndGlobal
